
Microsoft Visual Studio Solution File, Format Version 12.00
# Visual Studio Version 16
VisualStudioVersion = 16.0.32802.440
MinimumVisualStudioVersion = 10.0.40219.1
Project("{FAE04EC0-301F-11D3-BF4B-00C04F79EFBC}") = "AreaOfCircle", "AreaOfCircle\AreaOfCircle.csproj", "{794FCB41-5860-4E6E-A3A1-03DFA374BB28}"
EndProject
Global
	GlobalSection(SolutionConfigurationPlatforms) = preSolution
		Debug|Any CPU = Debug|Any CPU
		Release|Any CPU = Release|Any CPU
	EndGlobalSection
	GlobalSection(ProjectConfigurationPlatforms) = postSolution
		{794FCB41-5860-4E6E-A3A1-03DFA374BB28}.Debug|Any CPU.ActiveCfg = Debug|Any CPU
		{794FCB41-5860-4E6E-A3A1-03DFA374BB28}.Debug|Any CPU.Build.0 = Debug|Any CPU
		{794FCB41-5860-4E6E-A3A1-03DFA374BB28}.Release|Any CPU.ActiveCfg = Release|Any CPU
		{794FCB41-5860-4E6E-A3A1-03DFA374BB28}.Release|Any CPU.Build.0 = Release|Any CPU
	EndGlobalSection
	GlobalSection(SolutionProperties) = preSolution
		HideSolutionNode = FALSE
	EndGlobalSection
	GlobalSection(ExtensibilityGlobals) = postSolution
		SolutionGuid = {7B23E05A-8EB9-4266-AD3C-485C23DF0BD7}
	EndGlobalSection
EndGlobal
